<?xml version="1.0" encoding="utf-8"?>
<Project ToolsVersion="4.0" xmlns="http://schemas.microsoft.com/developer/msbuild/2003">
  <ItemGroup>
    <Filter Include="Source Files">
      <UniqueIdentifier>{e3a9d4d8-61fa-431f-a099-34c00f81e39c}</UniqueIdentifier>
      <Extensions>cpp;c;cxx;rc;def;r;odl;hpj;bat;for;f90</Extensions>
    </Filter>
    <Filter Include="Header Files">
      <UniqueIdentifier>{fa804a98-9ee9-4130-a174-682f89a44848}</UniqueIdentifier>
      <Extensions>h;hpp;hxx;hm;inl;fi;fd</Extensions>
    </Filter>
    <Filter Include="Resource Files">
      <UniqueIdentifier>{2bbd8262-3483-4373-aec6-91486081947b}</UniqueIdentifier>
      <Extensions>ico;cur;bmp;dlg;rc2;rct;bin;cnt;rtf;gif;jpg;jpeg;jpe</Extensions>
    </Filter>
  </ItemGroup>
  <ItemGroup>
    <None Include="game.def">
      <Filter>Resource Files</Filter>
    </None>
  </ItemGroup>
  <ItemGroup>
    <ClCompile Include="..\src\bot.c">
      <Filter>Source Files</Filter>
    </ClCompile>
    <ClCompile Include="..\src\bot_fire.c">
      <Filter>Source Files</Filter>
    </ClCompile>
    <ClCompile Include="..\src\bot_func.c">
      <Filter>Source Files</Filter>
    </ClCompile>
    <ClCompile Include="..\src\bot_za.c">
      <Filter>Source Files</Filter>
    </ClCompile>
    <ClCompile Include="..\src\g_chase.c">
      <Filter>Source Files</Filter>
    </ClCompile>
    <ClCompile Include="..\src\g_cmds.c">
      <Filter>Source Files</Filter>
    </ClCompile>
    <ClCompile Include="..\src\g_combat.c">
      <Filter>Source Files</Filter>
    </ClCompile>
    <ClCompile Include="..\src\g_ctf.c">
      <Filter>Source Files</Filter>
    </ClCompile>
    <ClCompile Include="..\src\g_func.c">
      <Filter>Source Files</Filter>
    </ClCompile>
    <ClCompile Include="..\src\g_items.c">
      <Filter>Source Files</Filter>
    </ClCompile>
    <ClCompile Include="..\src\g_main.c">
      <Filter>Source Files</Filter>
    </ClCompile>
    <ClCompile Include="..\src\g_misc.c">
      <Filter>Source Files</Filter>
    </ClCompile>
    <ClCompile Include="..\src\g_monster.c">
      <Filter>Source Files</Filter>
    </ClCompile>
    <ClCompile Include="..\src\g_phys.c">
      <Filter>Source Files</Filter>
    </ClCompile>
    <ClCompile Include="..\src\g_save.c">
      <Filter>Source Files</Filter>
    </ClCompile>
    <ClCompile Include="..\src\g_spawn.c">
      <Filter>Source Files</Filter>
    </ClCompile>
    <ClCompile Include="..\src\g_svcmds.c">
      <Filter>Source Files</Filter>
    </ClCompile>
    <ClCompile Include="..\src\g_target.c">
      <Filter>Source Files</Filter>
    </ClCompile>
    <ClCompile Include="..\src\g_trigger.c">
      <Filter>Source Files</Filter>
    </ClCompile>
    <ClCompile Include="..\src\g_utils.c">
      <Filter>Source Files</Filter>
    </ClCompile>
    <ClCompile Include="..\src\g_weapon.c">
      <Filter>Source Files</Filter>
    </ClCompile>
    <ClCompile Include="..\src\m_move.c">
      <Filter>Source Files</Filter>
    </ClCompile>
    <ClCompile Include="..\src\p_client.c">
      <Filter>Source Files</Filter>
    </ClCompile>
    <ClCompile Include="..\src\p_hud.c">
      <Filter>Source Files</Filter>
    </ClCompile>
    <ClCompile Include="..\src\p_menu.c">
      <Filter>Source Files</Filter>
    </ClCompile>
    <ClCompile Include="..\src\p_trail.c">
      <Filter>Source Files</Filter>
    </ClCompile>
    <ClCompile Include="..\src\p_view.c">
      <Filter>Source Files</Filter>
    </ClCompile>
    <ClCompile Include="..\src\p_weapon.c">
      <Filter>Source Files</Filter>
    </ClCompile>
    <ClCompile Include="..\src\q_shared.c">
      <Filter>Source Files</Filter>
    </ClCompile>
  </ItemGroup>
  <ItemGroup>
    <ClInclude Include="..\src\bot.h">
      <Filter>Header Files</Filter>
    </ClInclude>
    <ClInclude Include="..\src\botstr.h">
      <Filter>Header Files</Filter>
    </ClInclude>
    <ClInclude Include="..\src\g_ctf.h">
      <Filter>Header Files</Filter>
    </ClInclude>
    <ClInclude Include="..\src\g_local.h">
      <Filter>Header Files</Filter>
    </ClInclude>
    <ClInclude Include="..\src\game.h">
      <Filter>Header Files</Filter>
    </ClInclude>
    <ClInclude Include="..\src\m_player.h">
      <Filter>Header Files</Filter>
    </ClInclude>
    <ClInclude Include="..\src\p_menu.h">
      <Filter>Header Files</Filter>
    </ClInclude>
    <ClInclude Include="..\src\q_shared.h">
      <Filter>Header Files</Filter>
    </ClInclude>
    <ClInclude Include="..\src\tsmod_flags.h">
      <Filter>Header Files</Filter>
    </ClInclude>
  </ItemGroup>
</Project>